
Microsoft Visual Studio Solution File, Format Version 12.00
# Visual Studio 14
VisualStudioVersion = 14.0.25420.1
MinimumVisualStudioVersion = 10.0.40219.1
Project("{FAE04EC0-301F-11D3-BF4B-00C04F79EFBC}") = "RadGauge", "RadGauge\RadGauge\RadGauge.csproj", "{76B948A5-1F73-42EB-AFD7-3599C1637CF4}"
EndProject
Project("{FAE04EC0-301F-11D3-BF4B-00C04F79EFBC}") = "RadGauge.Droid", "RadGauge\RadGauge.Droid\RadGauge.Droid.csproj", "{D882A417-26D1-4167-9A43-D10111998C0D}"
EndProject
Project("{FAE04EC0-301F-11D3-BF4B-00C04F79EFBC}") = "RadGauge.iOS", "RadGauge\RadGauge.iOS\RadGauge.iOS.csproj", "{7518418D-854B-4DB5-9AAE-8EEF4F297353}"
EndProject
Project("{FAE04EC0-301F-11D3-BF4B-00C04F79EFBC}") = "RadGauge.UWP", "RadGauge\RadGauge.UWP\RadGauge.UWP.csproj", "{F06E748D-D147-498A-A956-C3203D4599E3}"
EndProject
Project("{2150E333-8FDC-42A3-9474-1A3956D46DE8}") = "TestApp", "TestApp", "{B703E54F-BEF5-4062-A371-1864DC486921}"
EndProject
Project("{2150E333-8FDC-42A3-9474-1A3956D46DE8}") = "Gauge", "Gauge", "{FD989D13-D022-488D-9E1C-AE6EA0805D09}"
EndProject
Project("{FAE04EC0-301F-11D3-BF4B-00C04F79EFBC}") = "GaugeApp", "GaugeApp\GaugeApp\GaugeApp.csproj", "{A3680B55-59DA-4883-B558-5638FAEA7173}"
EndProject
Project("{FAE04EC0-301F-11D3-BF4B-00C04F79EFBC}") = "GaugeApp.Droid", "GaugeApp\GaugeApp.Droid\GaugeApp.Droid.csproj", "{BE283733-6B40-4568-A752-C610359C9586}"
EndProject
Project("{FAE04EC0-301F-11D3-BF4B-00C04F79EFBC}") = "GaugeApp.iOS", "GaugeApp\GaugeApp.iOS\GaugeApp.iOS.csproj", "{81D85F39-6069-4488-BA48-6C870329C6FE}"
EndProject
Project("{FAE04EC0-301F-11D3-BF4B-00C04F79EFBC}") = "GaugeApp.UWP", "GaugeApp\GaugeApp.UWP\GaugeApp.UWP.csproj", "{8E21C605-31E7-499B-99DE-5A7491B38632}"
EndProject
Global
	GlobalSection(SolutionConfigurationPlatforms) = preSolution
		Ad-Hoc|Any CPU = Ad-Hoc|Any CPU
		Ad-Hoc|ARM = Ad-Hoc|ARM
		Ad-Hoc|iPhone = Ad-Hoc|iPhone
		Ad-Hoc|iPhoneSimulator = Ad-Hoc|iPhoneSimulator
		Ad-Hoc|MixedPlatforms = Ad-Hoc|MixedPlatforms
		Ad-Hoc|x64 = Ad-Hoc|x64
		Ad-Hoc|x86 = Ad-Hoc|x86
		AppStore|Any CPU = AppStore|Any CPU
		AppStore|ARM = AppStore|ARM
		AppStore|iPhone = AppStore|iPhone
		AppStore|iPhoneSimulator = AppStore|iPhoneSimulator
		AppStore|MixedPlatforms = AppStore|MixedPlatforms
		AppStore|x64 = AppStore|x64
		AppStore|x86 = AppStore|x86
		Debug|Any CPU = Debug|Any CPU
		Debug|ARM = Debug|ARM
		Debug|iPhone = Debug|iPhone
		Debug|iPhoneSimulator = Debug|iPhoneSimulator
		Debug|MixedPlatforms = Debug|MixedPlatforms
		Debug|x64 = Debug|x64
		Debug|x86 = Debug|x86
		Release|Any CPU = Release|Any CPU
		Release|ARM = Release|ARM
		Release|iPhone = Release|iPhone
		Release|iPhoneSimulator = Release|iPhoneSimulator
		Release|MixedPlatforms = Release|MixedPlatforms
		Release|x64 = Release|x64
		Release|x86 = Release|x86
	EndGlobalSection
	GlobalSection(ProjectConfigurationPlatforms) = postSolution
		{76B948A5-1F73-42EB-AFD7-3599C1637CF4}.Ad-Hoc|Any CPU.ActiveCfg = Release|Any CPU
		{76B948A5-1F73-42EB-AFD7-3599C1637CF4}.Ad-Hoc|Any CPU.Build.0 = Release|Any CPU
		{76B948A5-1F73-42EB-AFD7-3599C1637CF4}.Ad-Hoc|ARM.ActiveCfg = Release|Any CPU
		{76B948A5-1F73-42EB-AFD7-3599C1637CF4}.Ad-Hoc|ARM.Build.0 = Release|Any CPU
		{76B948A5-1F73-42EB-AFD7-3599C1637CF4}.Ad-Hoc|iPhone.ActiveCfg = Release|Any CPU
		{76B948A5-1F73-42EB-AFD7-3599C1637CF4}.Ad-Hoc|iPhone.Build.0 = Release|Any CPU
		{76B948A5-1F73-42EB-AFD7-3599C1637CF4}.Ad-Hoc|iPhoneSimulator.ActiveCfg = Release|Any CPU
		{76B948A5-1F73-42EB-AFD7-3599C1637CF4}.Ad-Hoc|iPhoneSimulator.Build.0 = Release|Any CPU
		{76B948A5-1F73-42EB-AFD7-3599C1637CF4}.Ad-Hoc|MixedPlatforms.ActiveCfg = Release|Any CPU
		{76B948A5-1F73-42EB-AFD7-3599C1637CF4}.Ad-Hoc|MixedPlatforms.Build.0 = Release|Any CPU
		{76B948A5-1F73-42EB-AFD7-3599C1637CF4}.Ad-Hoc|x64.ActiveCfg = Release|Any CPU
		{76B948A5-1F73-42EB-AFD7-3599C1637CF4}.Ad-Hoc|x64.Build.0 = Release|Any CPU
		{76B948A5-1F73-42EB-AFD7-3599C1637CF4}.Ad-Hoc|x86.ActiveCfg = Release|Any CPU
		{76B948A5-1F73-42EB-AFD7-3599C1637CF4}.Ad-Hoc|x86.Build.0 = Release|Any CPU
		{76B948A5-1F73-42EB-AFD7-3599C1637CF4}.AppStore|Any CPU.ActiveCfg = Release|Any CPU
		{76B948A5-1F73-42EB-AFD7-3599C1637CF4}.AppStore|Any CPU.Build.0 = Release|Any CPU
		{76B948A5-1F73-42EB-AFD7-3599C1637CF4}.AppStore|ARM.ActiveCfg = Release|Any CPU
		{76B948A5-1F73-42EB-AFD7-3599C1637CF4}.AppStore|ARM.Build.0 = Release|Any CPU
		{76B948A5-1F73-42EB-AFD7-3599C1637CF4}.AppStore|iPhone.ActiveCfg = Release|Any CPU
		{76B948A5-1F73-42EB-AFD7-3599C1637CF4}.AppStore|iPhone.Build.0 = Release|Any CPU
		{76B948A5-1F73-42EB-AFD7-3599C1637CF4}.AppStore|iPhoneSimulator.ActiveCfg = Release|Any CPU
		{76B948A5-1F73-42EB-AFD7-3599C1637CF4}.AppStore|iPhoneSimulator.Build.0 = Release|Any CPU
		{76B948A5-1F73-42EB-AFD7-3599C1637CF4}.AppStore|MixedPlatforms.ActiveCfg = Release|Any CPU
		{76B948A5-1F73-42EB-AFD7-3599C1637CF4}.AppStore|MixedPlatforms.Build.0 = Release|Any CPU
		{76B948A5-1F73-42EB-AFD7-3599C1637CF4}.AppStore|x64.ActiveCfg = Release|Any CPU
		{76B948A5-1F73-42EB-AFD7-3599C1637CF4}.AppStore|x64.Build.0 = Release|Any CPU
		{76B948A5-1F73-42EB-AFD7-3599C1637CF4}.AppStore|x86.ActiveCfg = Release|Any CPU
		{76B948A5-1F73-42EB-AFD7-3599C1637CF4}.AppStore|x86.Build.0 = Release|Any CPU
		{76B948A5-1F73-42EB-AFD7-3599C1637CF4}.Debug|Any CPU.ActiveCfg = Debug|Any CPU
		{76B948A5-1F73-42EB-AFD7-3599C1637CF4}.Debug|Any CPU.Build.0 = Debug|Any CPU
		{76B948A5-1F73-42EB-AFD7-3599C1637CF4}.Debug|ARM.ActiveCfg = Debug|Any CPU
		{76B948A5-1F73-42EB-AFD7-3599C1637CF4}.Debug|ARM.Build.0 = Debug|Any CPU
		{76B948A5-1F73-42EB-AFD7-3599C1637CF4}.Debug|iPhone.ActiveCfg = Debug|Any CPU
		{76B948A5-1F73-42EB-AFD7-3599C1637CF4}.Debug|iPhone.Build.0 = Debug|Any CPU
		{76B948A5-1F73-42EB-AFD7-3599C1637CF4}.Debug|iPhoneSimulator.ActiveCfg = Debug|Any CPU
		{76B948A5-1F73-42EB-AFD7-3599C1637CF4}.Debug|iPhoneSimulator.Build.0 = Debug|Any CPU
		{76B948A5-1F73-42EB-AFD7-3599C1637CF4}.Debug|MixedPlatforms.ActiveCfg = Debug|Any CPU
		{76B948A5-1F73-42EB-AFD7-3599C1637CF4}.Debug|MixedPlatforms.Build.0 = Debug|Any CPU
		{76B948A5-1F73-42EB-AFD7-3599C1637CF4}.Debug|x64.ActiveCfg = Debug|Any CPU
		{76B948A5-1F73-42EB-AFD7-3599C1637CF4}.Debug|x64.Build.0 = Debug|Any CPU
		{76B948A5-1F73-42EB-AFD7-3599C1637CF4}.Debug|x86.ActiveCfg = Debug|Any CPU
		{76B948A5-1F73-42EB-AFD7-3599C1637CF4}.Debug|x86.Build.0 = Debug|Any CPU
		{76B948A5-1F73-42EB-AFD7-3599C1637CF4}.Release|Any CPU.ActiveCfg = Release|Any CPU
		{76B948A5-1F73-42EB-AFD7-3599C1637CF4}.Release|Any CPU.Build.0 = Release|Any CPU
		{76B948A5-1F73-42EB-AFD7-3599C1637CF4}.Release|ARM.ActiveCfg = Release|Any CPU
		{76B948A5-1F73-42EB-AFD7-3599C1637CF4}.Release|ARM.Build.0 = Release|Any CPU
		{76B948A5-1F73-42EB-AFD7-3599C1637CF4}.Release|iPhone.ActiveCfg = Release|Any CPU
		{76B948A5-1F73-42EB-AFD7-3599C1637CF4}.Release|iPhone.Build.0 = Release|Any CPU
		{76B948A5-1F73-42EB-AFD7-3599C1637CF4}.Release|iPhoneSimulator.ActiveCfg = Release|Any CPU
		{76B948A5-1F73-42EB-AFD7-3599C1637CF4}.Release|iPhoneSimulator.Build.0 = Release|Any CPU
		{76B948A5-1F73-42EB-AFD7-3599C1637CF4}.Release|MixedPlatforms.ActiveCfg = Release|Any CPU
		{76B948A5-1F73-42EB-AFD7-3599C1637CF4}.Release|MixedPlatforms.Build.0 = Release|Any CPU
		{76B948A5-1F73-42EB-AFD7-3599C1637CF4}.Release|x64.ActiveCfg = Release|Any CPU
		{76B948A5-1F73-42EB-AFD7-3599C1637CF4}.Release|x64.Build.0 = Release|Any CPU
		{76B948A5-1F73-42EB-AFD7-3599C1637CF4}.Release|x86.ActiveCfg = Release|Any CPU
		{76B948A5-1F73-42EB-AFD7-3599C1637CF4}.Release|x86.Build.0 = Release|Any CPU
		{D882A417-26D1-4167-9A43-D10111998C0D}.Ad-Hoc|Any CPU.ActiveCfg = Release|Any CPU
		{D882A417-26D1-4167-9A43-D10111998C0D}.Ad-Hoc|Any CPU.Build.0 = Release|Any CPU
		{D882A417-26D1-4167-9A43-D10111998C0D}.Ad-Hoc|Any CPU.Deploy.0 = Release|Any CPU
		{D882A417-26D1-4167-9A43-D10111998C0D}.Ad-Hoc|ARM.ActiveCfg = Release|Any CPU
		{D882A417-26D1-4167-9A43-D10111998C0D}.Ad-Hoc|ARM.Build.0 = Release|Any CPU
		{D882A417-26D1-4167-9A43-D10111998C0D}.Ad-Hoc|ARM.Deploy.0 = Release|Any CPU
		{D882A417-26D1-4167-9A43-D10111998C0D}.Ad-Hoc|iPhone.ActiveCfg = Release|Any CPU
		{D882A417-26D1-4167-9A43-D10111998C0D}.Ad-Hoc|iPhone.Build.0 = Release|Any CPU
		{D882A417-26D1-4167-9A43-D10111998C0D}.Ad-Hoc|iPhone.Deploy.0 = Release|Any CPU
		{D882A417-26D1-4167-9A43-D10111998C0D}.Ad-Hoc|iPhoneSimulator.ActiveCfg = Release|Any CPU
		{D882A417-26D1-4167-9A43-D10111998C0D}.Ad-Hoc|iPhoneSimulator.Build.0 = Release|Any CPU
		{D882A417-26D1-4167-9A43-D10111998C0D}.Ad-Hoc|iPhoneSimulator.Deploy.0 = Release|Any CPU
		{D882A417-26D1-4167-9A43-D10111998C0D}.Ad-Hoc|MixedPlatforms.ActiveCfg = Release|Any CPU
		{D882A417-26D1-4167-9A43-D10111998C0D}.Ad-Hoc|MixedPlatforms.Build.0 = Release|Any CPU
		{D882A417-26D1-4167-9A43-D10111998C0D}.Ad-Hoc|MixedPlatforms.Deploy.0 = Release|Any CPU
		{D882A417-26D1-4167-9A43-D10111998C0D}.Ad-Hoc|x64.ActiveCfg = Release|Any CPU
		{D882A417-26D1-4167-9A43-D10111998C0D}.Ad-Hoc|x64.Build.0 = Release|Any CPU
		{D882A417-26D1-4167-9A43-D10111998C0D}.Ad-Hoc|x64.Deploy.0 = Release|Any CPU
		{D882A417-26D1-4167-9A43-D10111998C0D}.Ad-Hoc|x86.ActiveCfg = Release|Any CPU
		{D882A417-26D1-4167-9A43-D10111998C0D}.Ad-Hoc|x86.Build.0 = Release|Any CPU
		{D882A417-26D1-4167-9A43-D10111998C0D}.Ad-Hoc|x86.Deploy.0 = Release|Any CPU
		{D882A417-26D1-4167-9A43-D10111998C0D}.AppStore|Any CPU.ActiveCfg = Release|Any CPU
		{D882A417-26D1-4167-9A43-D10111998C0D}.AppStore|Any CPU.Build.0 = Release|Any CPU
		{D882A417-26D1-4167-9A43-D10111998C0D}.AppStore|Any CPU.Deploy.0 = Release|Any CPU
		{D882A417-26D1-4167-9A43-D10111998C0D}.AppStore|ARM.ActiveCfg = Release|Any CPU
		{D882A417-26D1-4167-9A43-D10111998C0D}.AppStore|ARM.Build.0 = Release|Any CPU
		{D882A417-26D1-4167-9A43-D10111998C0D}.AppStore|ARM.Deploy.0 = Release|Any CPU
		{D882A417-26D1-4167-9A43-D10111998C0D}.AppStore|iPhone.ActiveCfg = Release|Any CPU
		{D882A417-26D1-4167-9A43-D10111998C0D}.AppStore|iPhone.Build.0 = Release|Any CPU
		{D882A417-26D1-4167-9A43-D10111998C0D}.AppStore|iPhone.Deploy.0 = Release|Any CPU
		{D882A417-26D1-4167-9A43-D10111998C0D}.AppStore|iPhoneSimulator.ActiveCfg = Release|Any CPU
		{D882A417-26D1-4167-9A43-D10111998C0D}.AppStore|iPhoneSimulator.Build.0 = Release|Any CPU
		{D882A417-26D1-4167-9A43-D10111998C0D}.AppStore|iPhoneSimulator.Deploy.0 = Release|Any CPU
		{D882A417-26D1-4167-9A43-D10111998C0D}.AppStore|MixedPlatforms.ActiveCfg = Release|Any CPU
		{D882A417-26D1-4167-9A43-D10111998C0D}.AppStore|MixedPlatforms.Build.0 = Release|Any CPU
		{D882A417-26D1-4167-9A43-D10111998C0D}.AppStore|MixedPlatforms.Deploy.0 = Release|Any CPU
		{D882A417-26D1-4167-9A43-D10111998C0D}.AppStore|x64.ActiveCfg = Release|Any CPU
		{D882A417-26D1-4167-9A43-D10111998C0D}.AppStore|x64.Build.0 = Release|Any CPU
		{D882A417-26D1-4167-9A43-D10111998C0D}.AppStore|x64.Deploy.0 = Release|Any CPU
		{D882A417-26D1-4167-9A43-D10111998C0D}.AppStore|x86.ActiveCfg = Release|Any CPU
		{D882A417-26D1-4167-9A43-D10111998C0D}.AppStore|x86.Build.0 = Release|Any CPU
		{D882A417-26D1-4167-9A43-D10111998C0D}.AppStore|x86.Deploy.0 = Release|Any CPU
		{D882A417-26D1-4167-9A43-D10111998C0D}.Debug|Any CPU.ActiveCfg = Debug|Any CPU
		{D882A417-26D1-4167-9A43-D10111998C0D}.Debug|Any CPU.Build.0 = Debug|Any CPU
		{D882A417-26D1-4167-9A43-D10111998C0D}.Debug|Any CPU.Deploy.0 = Debug|Any CPU
		{D882A417-26D1-4167-9A43-D10111998C0D}.Debug|ARM.ActiveCfg = Debug|Any CPU
		{D882A417-26D1-4167-9A43-D10111998C0D}.Debug|ARM.Build.0 = Debug|Any CPU
		{D882A417-26D1-4167-9A43-D10111998C0D}.Debug|ARM.Deploy.0 = Debug|Any CPU
		{D882A417-26D1-4167-9A43-D10111998C0D}.Debug|iPhone.ActiveCfg = Debug|Any CPU
		{D882A417-26D1-4167-9A43-D10111998C0D}.Debug|iPhone.Build.0 = Debug|Any CPU
		{D882A417-26D1-4167-9A43-D10111998C0D}.Debug|iPhone.Deploy.0 = Debug|Any CPU
		{D882A417-26D1-4167-9A43-D10111998C0D}.Debug|iPhoneSimulator.ActiveCfg = Debug|Any CPU
		{D882A417-26D1-4167-9A43-D10111998C0D}.Debug|iPhoneSimulator.Build.0 = Debug|Any CPU
		{D882A417-26D1-4167-9A43-D10111998C0D}.Debug|iPhoneSimulator.Deploy.0 = Debug|Any CPU
		{D882A417-26D1-4167-9A43-D10111998C0D}.Debug|MixedPlatforms.ActiveCfg = Debug|Any CPU
		{D882A417-26D1-4167-9A43-D10111998C0D}.Debug|MixedPlatforms.Build.0 = Debug|Any CPU
		{D882A417-26D1-4167-9A43-D10111998C0D}.Debug|MixedPlatforms.Deploy.0 = Debug|Any CPU
		{D882A417-26D1-4167-9A43-D10111998C0D}.Debug|x64.ActiveCfg = Debug|Any CPU
		{D882A417-26D1-4167-9A43-D10111998C0D}.Debug|x64.Build.0 = Debug|Any CPU
		{D882A417-26D1-4167-9A43-D10111998C0D}.Debug|x64.Deploy.0 = Debug|Any CPU
		{D882A417-26D1-4167-9A43-D10111998C0D}.Debug|x86.ActiveCfg = Debug|Any CPU
		{D882A417-26D1-4167-9A43-D10111998C0D}.Debug|x86.Build.0 = Debug|Any CPU
		{D882A417-26D1-4167-9A43-D10111998C0D}.Debug|x86.Deploy.0 = Debug|Any CPU
		{D882A417-26D1-4167-9A43-D10111998C0D}.Release|Any CPU.ActiveCfg = Release|Any CPU
		{D882A417-26D1-4167-9A43-D10111998C0D}.Release|Any CPU.Build.0 = Release|Any CPU
		{D882A417-26D1-4167-9A43-D10111998C0D}.Release|Any CPU.Deploy.0 = Release|Any CPU
		{D882A417-26D1-4167-9A43-D10111998C0D}.Release|ARM.ActiveCfg = Release|Any CPU
		{D882A417-26D1-4167-9A43-D10111998C0D}.Release|ARM.Build.0 = Release|Any CPU
		{D882A417-26D1-4167-9A43-D10111998C0D}.Release|ARM.Deploy.0 = Release|Any CPU
		{D882A417-26D1-4167-9A43-D10111998C0D}.Release|iPhone.ActiveCfg = Release|Any CPU
		{D882A417-26D1-4167-9A43-D10111998C0D}.Release|iPhone.Build.0 = Release|Any CPU
		{D882A417-26D1-4167-9A43-D10111998C0D}.Release|iPhone.Deploy.0 = Release|Any CPU
		{D882A417-26D1-4167-9A43-D10111998C0D}.Release|iPhoneSimulator.ActiveCfg = Release|Any CPU
		{D882A417-26D1-4167-9A43-D10111998C0D}.Release|iPhoneSimulator.Build.0 = Release|Any CPU
		{D882A417-26D1-4167-9A43-D10111998C0D}.Release|iPhoneSimulator.Deploy.0 = Release|Any CPU
		{D882A417-26D1-4167-9A43-D10111998C0D}.Release|MixedPlatforms.ActiveCfg = Release|Any CPU
		{D882A417-26D1-4167-9A43-D10111998C0D}.Release|MixedPlatforms.Build.0 = Release|Any CPU
		{D882A417-26D1-4167-9A43-D10111998C0D}.Release|MixedPlatforms.Deploy.0 = Release|Any CPU
		{D882A417-26D1-4167-9A43-D10111998C0D}.Release|x64.ActiveCfg = Release|Any CPU
		{D882A417-26D1-4167-9A43-D10111998C0D}.Release|x64.Build.0 = Release|Any CPU
		{D882A417-26D1-4167-9A43-D10111998C0D}.Release|x64.Deploy.0 = Release|Any CPU
		{D882A417-26D1-4167-9A43-D10111998C0D}.Release|x86.ActiveCfg = Release|Any CPU
		{D882A417-26D1-4167-9A43-D10111998C0D}.Release|x86.Build.0 = Release|Any CPU
		{D882A417-26D1-4167-9A43-D10111998C0D}.Release|x86.Deploy.0 = Release|Any CPU
		{7518418D-854B-4DB5-9AAE-8EEF4F297353}.Ad-Hoc|Any CPU.ActiveCfg = Release|Any CPU
		{7518418D-854B-4DB5-9AAE-8EEF4F297353}.Ad-Hoc|Any CPU.Build.0 = Release|Any CPU
		{7518418D-854B-4DB5-9AAE-8EEF4F297353}.Ad-Hoc|ARM.ActiveCfg = Release|Any CPU
		{7518418D-854B-4DB5-9AAE-8EEF4F297353}.Ad-Hoc|ARM.Build.0 = Release|Any CPU
		{7518418D-854B-4DB5-9AAE-8EEF4F297353}.Ad-Hoc|iPhone.ActiveCfg = Release|Any CPU
		{7518418D-854B-4DB5-9AAE-8EEF4F297353}.Ad-Hoc|iPhone.Build.0 = Release|Any CPU
		{7518418D-854B-4DB5-9AAE-8EEF4F297353}.Ad-Hoc|iPhoneSimulator.ActiveCfg = Release|Any CPU
		{7518418D-854B-4DB5-9AAE-8EEF4F297353}.Ad-Hoc|iPhoneSimulator.Build.0 = Release|Any CPU
		{7518418D-854B-4DB5-9AAE-8EEF4F297353}.Ad-Hoc|MixedPlatforms.ActiveCfg = Release|Any CPU
		{7518418D-854B-4DB5-9AAE-8EEF4F297353}.Ad-Hoc|MixedPlatforms.Build.0 = Release|Any CPU
		{7518418D-854B-4DB5-9AAE-8EEF4F297353}.Ad-Hoc|x64.ActiveCfg = Release|Any CPU
		{7518418D-854B-4DB5-9AAE-8EEF4F297353}.Ad-Hoc|x64.Build.0 = Release|Any CPU
		{7518418D-854B-4DB5-9AAE-8EEF4F297353}.Ad-Hoc|x86.ActiveCfg = Release|Any CPU
		{7518418D-854B-4DB5-9AAE-8EEF4F297353}.Ad-Hoc|x86.Build.0 = Release|Any CPU
		{7518418D-854B-4DB5-9AAE-8EEF4F297353}.AppStore|Any CPU.ActiveCfg = Release|Any CPU
		{7518418D-854B-4DB5-9AAE-8EEF4F297353}.AppStore|Any CPU.Build.0 = Release|Any CPU
		{7518418D-854B-4DB5-9AAE-8EEF4F297353}.AppStore|ARM.ActiveCfg = Release|Any CPU
		{7518418D-854B-4DB5-9AAE-8EEF4F297353}.AppStore|ARM.Build.0 = Release|Any CPU
		{7518418D-854B-4DB5-9AAE-8EEF4F297353}.AppStore|iPhone.ActiveCfg = Release|Any CPU
		{7518418D-854B-4DB5-9AAE-8EEF4F297353}.AppStore|iPhone.Build.0 = Release|Any CPU
		{7518418D-854B-4DB5-9AAE-8EEF4F297353}.AppStore|iPhoneSimulator.ActiveCfg = Release|Any CPU
		{7518418D-854B-4DB5-9AAE-8EEF4F297353}.AppStore|iPhoneSimulator.Build.0 = Release|Any CPU
		{7518418D-854B-4DB5-9AAE-8EEF4F297353}.AppStore|MixedPlatforms.ActiveCfg = Release|Any CPU
		{7518418D-854B-4DB5-9AAE-8EEF4F297353}.AppStore|MixedPlatforms.Build.0 = Release|Any CPU
		{7518418D-854B-4DB5-9AAE-8EEF4F297353}.AppStore|x64.ActiveCfg = Release|Any CPU
		{7518418D-854B-4DB5-9AAE-8EEF4F297353}.AppStore|x64.Build.0 = Release|Any CPU
		{7518418D-854B-4DB5-9AAE-8EEF4F297353}.AppStore|x86.ActiveCfg = Release|Any CPU
		{7518418D-854B-4DB5-9AAE-8EEF4F297353}.AppStore|x86.Build.0 = Release|Any CPU
		{7518418D-854B-4DB5-9AAE-8EEF4F297353}.Debug|Any CPU.ActiveCfg = Debug|Any CPU
		{7518418D-854B-4DB5-9AAE-8EEF4F297353}.Debug|Any CPU.Build.0 = Debug|Any CPU
		{7518418D-854B-4DB5-9AAE-8EEF4F297353}.Debug|ARM.ActiveCfg = Debug|Any CPU
		{7518418D-854B-4DB5-9AAE-8EEF4F297353}.Debug|ARM.Build.0 = Debug|Any CPU
		{7518418D-854B-4DB5-9AAE-8EEF4F297353}.Debug|iPhone.ActiveCfg = Debug|Any CPU
		{7518418D-854B-4DB5-9AAE-8EEF4F297353}.Debug|iPhone.Build.0 = Debug|Any CPU
		{7518418D-854B-4DB5-9AAE-8EEF4F297353}.Debug|iPhoneSimulator.ActiveCfg = Debug|Any CPU
		{7518418D-854B-4DB5-9AAE-8EEF4F297353}.Debug|iPhoneSimulator.Build.0 = Debug|Any CPU
		{7518418D-854B-4DB5-9AAE-8EEF4F297353}.Debug|MixedPlatforms.ActiveCfg = Debug|Any CPU
		{7518418D-854B-4DB5-9AAE-8EEF4F297353}.Debug|MixedPlatforms.Build.0 = Debug|Any CPU
		{7518418D-854B-4DB5-9AAE-8EEF4F297353}.Debug|x64.ActiveCfg = Debug|Any CPU
		{7518418D-854B-4DB5-9AAE-8EEF4F297353}.Debug|x64.Build.0 = Debug|Any CPU
		{7518418D-854B-4DB5-9AAE-8EEF4F297353}.Debug|x86.ActiveCfg = Debug|Any CPU
		{7518418D-854B-4DB5-9AAE-8EEF4F297353}.Debug|x86.Build.0 = Debug|Any CPU
		{7518418D-854B-4DB5-9AAE-8EEF4F297353}.Release|Any CPU.ActiveCfg = Release|Any CPU
		{7518418D-854B-4DB5-9AAE-8EEF4F297353}.Release|Any CPU.Build.0 = Release|Any CPU
		{7518418D-854B-4DB5-9AAE-8EEF4F297353}.Release|ARM.ActiveCfg = Release|Any CPU
		{7518418D-854B-4DB5-9AAE-8EEF4F297353}.Release|ARM.Build.0 = Release|Any CPU
		{7518418D-854B-4DB5-9AAE-8EEF4F297353}.Release|iPhone.ActiveCfg = Release|Any CPU
		{7518418D-854B-4DB5-9AAE-8EEF4F297353}.Release|iPhone.Build.0 = Release|Any CPU
		{7518418D-854B-4DB5-9AAE-8EEF4F297353}.Release|iPhoneSimulator.ActiveCfg = Release|Any CPU
		{7518418D-854B-4DB5-9AAE-8EEF4F297353}.Release|iPhoneSimulator.Build.0 = Release|Any CPU
		{7518418D-854B-4DB5-9AAE-8EEF4F297353}.Release|MixedPlatforms.ActiveCfg = Release|Any CPU
		{7518418D-854B-4DB5-9AAE-8EEF4F297353}.Release|MixedPlatforms.Build.0 = Release|Any CPU
		{7518418D-854B-4DB5-9AAE-8EEF4F297353}.Release|x64.ActiveCfg = Release|Any CPU
		{7518418D-854B-4DB5-9AAE-8EEF4F297353}.Release|x64.Build.0 = Release|Any CPU
		{7518418D-854B-4DB5-9AAE-8EEF4F297353}.Release|x86.ActiveCfg = Release|Any CPU
		{7518418D-854B-4DB5-9AAE-8EEF4F297353}.Release|x86.Build.0 = Release|Any CPU
		{F06E748D-D147-498A-A956-C3203D4599E3}.Ad-Hoc|Any CPU.ActiveCfg = Release|x86
		{F06E748D-D147-498A-A956-C3203D4599E3}.Ad-Hoc|Any CPU.Build.0 = Release|x86
		{F06E748D-D147-498A-A956-C3203D4599E3}.Ad-Hoc|Any CPU.Deploy.0 = Release|x86
		{F06E748D-D147-498A-A956-C3203D4599E3}.Ad-Hoc|ARM.ActiveCfg = Release|ARM
		{F06E748D-D147-498A-A956-C3203D4599E3}.Ad-Hoc|ARM.Build.0 = Release|ARM
		{F06E748D-D147-498A-A956-C3203D4599E3}.Ad-Hoc|ARM.Deploy.0 = Release|ARM
		{F06E748D-D147-498A-A956-C3203D4599E3}.Ad-Hoc|iPhone.ActiveCfg = Release|x86
		{F06E748D-D147-498A-A956-C3203D4599E3}.Ad-Hoc|iPhone.Build.0 = Release|x86
		{F06E748D-D147-498A-A956-C3203D4599E3}.Ad-Hoc|iPhone.Deploy.0 = Release|x86
		{F06E748D-D147-498A-A956-C3203D4599E3}.Ad-Hoc|iPhoneSimulator.ActiveCfg = Release|x86
		{F06E748D-D147-498A-A956-C3203D4599E3}.Ad-Hoc|iPhoneSimulator.Build.0 = Release|x86
		{F06E748D-D147-498A-A956-C3203D4599E3}.Ad-Hoc|iPhoneSimulator.Deploy.0 = Release|x86
		{F06E748D-D147-498A-A956-C3203D4599E3}.Ad-Hoc|MixedPlatforms.ActiveCfg = Release|x86
		{F06E748D-D147-498A-A956-C3203D4599E3}.Ad-Hoc|MixedPlatforms.Build.0 = Release|x86
		{F06E748D-D147-498A-A956-C3203D4599E3}.Ad-Hoc|MixedPlatforms.Deploy.0 = Release|x86
		{F06E748D-D147-498A-A956-C3203D4599E3}.Ad-Hoc|x64.ActiveCfg = Release|x64
		{F06E748D-D147-498A-A956-C3203D4599E3}.Ad-Hoc|x64.Build.0 = Release|x64
		{F06E748D-D147-498A-A956-C3203D4599E3}.Ad-Hoc|x64.Deploy.0 = Release|x64
		{F06E748D-D147-498A-A956-C3203D4599E3}.Ad-Hoc|x86.ActiveCfg = Release|x86
		{F06E748D-D147-498A-A956-C3203D4599E3}.Ad-Hoc|x86.Build.0 = Release|x86
		{F06E748D-D147-498A-A956-C3203D4599E3}.Ad-Hoc|x86.Deploy.0 = Release|x86
		{F06E748D-D147-498A-A956-C3203D4599E3}.AppStore|Any CPU.ActiveCfg = Release|x86
		{F06E748D-D147-498A-A956-C3203D4599E3}.AppStore|Any CPU.Build.0 = Release|x86
		{F06E748D-D147-498A-A956-C3203D4599E3}.AppStore|Any CPU.Deploy.0 = Release|x86
		{F06E748D-D147-498A-A956-C3203D4599E3}.AppStore|ARM.ActiveCfg = Release|ARM
		{F06E748D-D147-498A-A956-C3203D4599E3}.AppStore|ARM.Build.0 = Release|ARM
		{F06E748D-D147-498A-A956-C3203D4599E3}.AppStore|ARM.Deploy.0 = Release|ARM
		{F06E748D-D147-498A-A956-C3203D4599E3}.AppStore|iPhone.ActiveCfg = Release|x86
		{F06E748D-D147-498A-A956-C3203D4599E3}.AppStore|iPhone.Build.0 = Release|x86
		{F06E748D-D147-498A-A956-C3203D4599E3}.AppStore|iPhone.Deploy.0 = Release|x86
		{F06E748D-D147-498A-A956-C3203D4599E3}.AppStore|iPhoneSimulator.ActiveCfg = Release|x86
		{F06E748D-D147-498A-A956-C3203D4599E3}.AppStore|iPhoneSimulator.Build.0 = Release|x86
		{F06E748D-D147-498A-A956-C3203D4599E3}.AppStore|iPhoneSimulator.Deploy.0 = Release|x86
		{F06E748D-D147-498A-A956-C3203D4599E3}.AppStore|MixedPlatforms.ActiveCfg = Release|x86
		{F06E748D-D147-498A-A956-C3203D4599E3}.AppStore|MixedPlatforms.Build.0 = Release|x86
		{F06E748D-D147-498A-A956-C3203D4599E3}.AppStore|MixedPlatforms.Deploy.0 = Release|x86
		{F06E748D-D147-498A-A956-C3203D4599E3}.AppStore|x64.ActiveCfg = Release|x64
		{F06E748D-D147-498A-A956-C3203D4599E3}.AppStore|x64.Build.0 = Release|x64
		{F06E748D-D147-498A-A956-C3203D4599E3}.AppStore|x64.Deploy.0 = Release|x64
		{F06E748D-D147-498A-A956-C3203D4599E3}.AppStore|x86.ActiveCfg = Release|x86
		{F06E748D-D147-498A-A956-C3203D4599E3}.AppStore|x86.Build.0 = Release|x86
		{F06E748D-D147-498A-A956-C3203D4599E3}.AppStore|x86.Deploy.0 = Release|x86
		{F06E748D-D147-498A-A956-C3203D4599E3}.Debug|Any CPU.ActiveCfg = Debug|x86
		{F06E748D-D147-498A-A956-C3203D4599E3}.Debug|Any CPU.Build.0 = Debug|x86
		{F06E748D-D147-498A-A956-C3203D4599E3}.Debug|ARM.ActiveCfg = Debug|ARM
		{F06E748D-D147-498A-A956-C3203D4599E3}.Debug|ARM.Build.0 = Debug|ARM
		{F06E748D-D147-498A-A956-C3203D4599E3}.Debug|ARM.Deploy.0 = Debug|ARM
		{F06E748D-D147-498A-A956-C3203D4599E3}.Debug|iPhone.ActiveCfg = Debug|x86
		{F06E748D-D147-498A-A956-C3203D4599E3}.Debug|iPhoneSimulator.ActiveCfg = Debug|x86
		{F06E748D-D147-498A-A956-C3203D4599E3}.Debug|iPhoneSimulator.Build.0 = Debug|x86
		{F06E748D-D147-498A-A956-C3203D4599E3}.Debug|MixedPlatforms.ActiveCfg = Debug|x86
		{F06E748D-D147-498A-A956-C3203D4599E3}.Debug|MixedPlatforms.Build.0 = Debug|x86
		{F06E748D-D147-498A-A956-C3203D4599E3}.Debug|x64.ActiveCfg = Debug|x64
		{F06E748D-D147-498A-A956-C3203D4599E3}.Debug|x64.Build.0 = Debug|x64
		{F06E748D-D147-498A-A956-C3203D4599E3}.Debug|x64.Deploy.0 = Debug|x64
		{F06E748D-D147-498A-A956-C3203D4599E3}.Debug|x86.ActiveCfg = Debug|x86
		{F06E748D-D147-498A-A956-C3203D4599E3}.Debug|x86.Build.0 = Debug|x86
		{F06E748D-D147-498A-A956-C3203D4599E3}.Debug|x86.Deploy.0 = Debug|x86
		{F06E748D-D147-498A-A956-C3203D4599E3}.Release|Any CPU.ActiveCfg = Release|x86
		{F06E748D-D147-498A-A956-C3203D4599E3}.Release|ARM.ActiveCfg = Release|ARM
		{F06E748D-D147-498A-A956-C3203D4599E3}.Release|ARM.Build.0 = Release|ARM
		{F06E748D-D147-498A-A956-C3203D4599E3}.Release|ARM.Deploy.0 = Release|ARM
		{F06E748D-D147-498A-A956-C3203D4599E3}.Release|iPhone.ActiveCfg = Release|x86
		{F06E748D-D147-498A-A956-C3203D4599E3}.Release|iPhoneSimulator.ActiveCfg = Release|x86
		{F06E748D-D147-498A-A956-C3203D4599E3}.Release|MixedPlatforms.ActiveCfg = Release|x86
		{F06E748D-D147-498A-A956-C3203D4599E3}.Release|MixedPlatforms.Build.0 = Release|x86
		{F06E748D-D147-498A-A956-C3203D4599E3}.Release|x64.ActiveCfg = Release|x64
		{F06E748D-D147-498A-A956-C3203D4599E3}.Release|x64.Build.0 = Release|x64
		{F06E748D-D147-498A-A956-C3203D4599E3}.Release|x64.Deploy.0 = Release|x64
		{F06E748D-D147-498A-A956-C3203D4599E3}.Release|x86.ActiveCfg = Release|x86
		{F06E748D-D147-498A-A956-C3203D4599E3}.Release|x86.Build.0 = Release|x86
		{F06E748D-D147-498A-A956-C3203D4599E3}.Release|x86.Deploy.0 = Release|x86
		{A3680B55-59DA-4883-B558-5638FAEA7173}.Ad-Hoc|Any CPU.ActiveCfg = Release|Any CPU
		{A3680B55-59DA-4883-B558-5638FAEA7173}.Ad-Hoc|Any CPU.Build.0 = Release|Any CPU
		{A3680B55-59DA-4883-B558-5638FAEA7173}.Ad-Hoc|ARM.ActiveCfg = Release|Any CPU
		{A3680B55-59DA-4883-B558-5638FAEA7173}.Ad-Hoc|ARM.Build.0 = Release|Any CPU
		{A3680B55-59DA-4883-B558-5638FAEA7173}.Ad-Hoc|iPhone.ActiveCfg = Release|Any CPU
		{A3680B55-59DA-4883-B558-5638FAEA7173}.Ad-Hoc|iPhone.Build.0 = Release|Any CPU
		{A3680B55-59DA-4883-B558-5638FAEA7173}.Ad-Hoc|iPhoneSimulator.ActiveCfg = Release|Any CPU
		{A3680B55-59DA-4883-B558-5638FAEA7173}.Ad-Hoc|iPhoneSimulator.Build.0 = Release|Any CPU
		{A3680B55-59DA-4883-B558-5638FAEA7173}.Ad-Hoc|MixedPlatforms.ActiveCfg = Release|Any CPU
		{A3680B55-59DA-4883-B558-5638FAEA7173}.Ad-Hoc|MixedPlatforms.Build.0 = Release|Any CPU
		{A3680B55-59DA-4883-B558-5638FAEA7173}.Ad-Hoc|x64.ActiveCfg = Release|Any CPU
		{A3680B55-59DA-4883-B558-5638FAEA7173}.Ad-Hoc|x64.Build.0 = Release|Any CPU
		{A3680B55-59DA-4883-B558-5638FAEA7173}.Ad-Hoc|x86.ActiveCfg = Release|Any CPU
		{A3680B55-59DA-4883-B558-5638FAEA7173}.Ad-Hoc|x86.Build.0 = Release|Any CPU
		{A3680B55-59DA-4883-B558-5638FAEA7173}.AppStore|Any CPU.ActiveCfg = Release|Any CPU
		{A3680B55-59DA-4883-B558-5638FAEA7173}.AppStore|Any CPU.Build.0 = Release|Any CPU
		{A3680B55-59DA-4883-B558-5638FAEA7173}.AppStore|ARM.ActiveCfg = Release|Any CPU
		{A3680B55-59DA-4883-B558-5638FAEA7173}.AppStore|ARM.Build.0 = Release|Any CPU
		{A3680B55-59DA-4883-B558-5638FAEA7173}.AppStore|iPhone.ActiveCfg = Release|Any CPU
		{A3680B55-59DA-4883-B558-5638FAEA7173}.AppStore|iPhone.Build.0 = Release|Any CPU
		{A3680B55-59DA-4883-B558-5638FAEA7173}.AppStore|iPhoneSimulator.ActiveCfg = Release|Any CPU
		{A3680B55-59DA-4883-B558-5638FAEA7173}.AppStore|iPhoneSimulator.Build.0 = Release|Any CPU
		{A3680B55-59DA-4883-B558-5638FAEA7173}.AppStore|MixedPlatforms.ActiveCfg = Release|Any CPU
		{A3680B55-59DA-4883-B558-5638FAEA7173}.AppStore|MixedPlatforms.Build.0 = Release|Any CPU
		{A3680B55-59DA-4883-B558-5638FAEA7173}.AppStore|x64.ActiveCfg = Release|Any CPU
		{A3680B55-59DA-4883-B558-5638FAEA7173}.AppStore|x64.Build.0 = Release|Any CPU
		{A3680B55-59DA-4883-B558-5638FAEA7173}.AppStore|x86.ActiveCfg = Release|Any CPU
		{A3680B55-59DA-4883-B558-5638FAEA7173}.AppStore|x86.Build.0 = Release|Any CPU
		{A3680B55-59DA-4883-B558-5638FAEA7173}.Debug|Any CPU.ActiveCfg = Debug|Any CPU
		{A3680B55-59DA-4883-B558-5638FAEA7173}.Debug|Any CPU.Build.0 = Debug|Any CPU
		{A3680B55-59DA-4883-B558-5638FAEA7173}.Debug|ARM.ActiveCfg = Debug|Any CPU
		{A3680B55-59DA-4883-B558-5638FAEA7173}.Debug|ARM.Build.0 = Debug|Any CPU
		{A3680B55-59DA-4883-B558-5638FAEA7173}.Debug|iPhone.ActiveCfg = Debug|Any CPU
		{A3680B55-59DA-4883-B558-5638FAEA7173}.Debug|iPhone.Build.0 = Debug|Any CPU
		{A3680B55-59DA-4883-B558-5638FAEA7173}.Debug|iPhoneSimulator.ActiveCfg = Debug|Any CPU
		{A3680B55-59DA-4883-B558-5638FAEA7173}.Debug|iPhoneSimulator.Build.0 = Debug|Any CPU
		{A3680B55-59DA-4883-B558-5638FAEA7173}.Debug|MixedPlatforms.ActiveCfg = Debug|Any CPU
		{A3680B55-59DA-4883-B558-5638FAEA7173}.Debug|MixedPlatforms.Build.0 = Debug|Any CPU
		{A3680B55-59DA-4883-B558-5638FAEA7173}.Debug|x64.ActiveCfg = Debug|Any CPU
		{A3680B55-59DA-4883-B558-5638FAEA7173}.Debug|x64.Build.0 = Debug|Any CPU
		{A3680B55-59DA-4883-B558-5638FAEA7173}.Debug|x86.ActiveCfg = Debug|Any CPU
		{A3680B55-59DA-4883-B558-5638FAEA7173}.Debug|x86.Build.0 = Debug|Any CPU
		{A3680B55-59DA-4883-B558-5638FAEA7173}.Release|Any CPU.ActiveCfg = Release|Any CPU
		{A3680B55-59DA-4883-B558-5638FAEA7173}.Release|Any CPU.Build.0 = Release|Any CPU
		{A3680B55-59DA-4883-B558-5638FAEA7173}.Release|ARM.ActiveCfg = Release|Any CPU
		{A3680B55-59DA-4883-B558-5638FAEA7173}.Release|ARM.Build.0 = Release|Any CPU
		{A3680B55-59DA-4883-B558-5638FAEA7173}.Release|iPhone.ActiveCfg = Release|Any CPU
		{A3680B55-59DA-4883-B558-5638FAEA7173}.Release|iPhone.Build.0 = Release|Any CPU
		{A3680B55-59DA-4883-B558-5638FAEA7173}.Release|iPhoneSimulator.ActiveCfg = Release|Any CPU
		{A3680B55-59DA-4883-B558-5638FAEA7173}.Release|iPhoneSimulator.Build.0 = Release|Any CPU
		{A3680B55-59DA-4883-B558-5638FAEA7173}.Release|MixedPlatforms.ActiveCfg = Release|Any CPU
		{A3680B55-59DA-4883-B558-5638FAEA7173}.Release|MixedPlatforms.Build.0 = Release|Any CPU
		{A3680B55-59DA-4883-B558-5638FAEA7173}.Release|x64.ActiveCfg = Release|Any CPU
		{A3680B55-59DA-4883-B558-5638FAEA7173}.Release|x64.Build.0 = Release|Any CPU
		{A3680B55-59DA-4883-B558-5638FAEA7173}.Release|x86.ActiveCfg = Release|Any CPU
		{A3680B55-59DA-4883-B558-5638FAEA7173}.Release|x86.Build.0 = Release|Any CPU
		{BE283733-6B40-4568-A752-C610359C9586}.Ad-Hoc|Any CPU.ActiveCfg = Release|Any CPU
		{BE283733-6B40-4568-A752-C610359C9586}.Ad-Hoc|Any CPU.Build.0 = Release|Any CPU
		{BE283733-6B40-4568-A752-C610359C9586}.Ad-Hoc|Any CPU.Deploy.0 = Release|Any CPU
		{BE283733-6B40-4568-A752-C610359C9586}.Ad-Hoc|ARM.ActiveCfg = Release|Any CPU
		{BE283733-6B40-4568-A752-C610359C9586}.Ad-Hoc|ARM.Build.0 = Release|Any CPU
		{BE283733-6B40-4568-A752-C610359C9586}.Ad-Hoc|ARM.Deploy.0 = Release|Any CPU
		{BE283733-6B40-4568-A752-C610359C9586}.Ad-Hoc|iPhone.ActiveCfg = Release|Any CPU
		{BE283733-6B40-4568-A752-C610359C9586}.Ad-Hoc|iPhone.Build.0 = Release|Any CPU
		{BE283733-6B40-4568-A752-C610359C9586}.Ad-Hoc|iPhone.Deploy.0 = Release|Any CPU
		{BE283733-6B40-4568-A752-C610359C9586}.Ad-Hoc|iPhoneSimulator.ActiveCfg = Release|Any CPU
		{BE283733-6B40-4568-A752-C610359C9586}.Ad-Hoc|iPhoneSimulator.Build.0 = Release|Any CPU
		{BE283733-6B40-4568-A752-C610359C9586}.Ad-Hoc|iPhoneSimulator.Deploy.0 = Release|Any CPU
		{BE283733-6B40-4568-A752-C610359C9586}.Ad-Hoc|MixedPlatforms.ActiveCfg = Release|Any CPU
		{BE283733-6B40-4568-A752-C610359C9586}.Ad-Hoc|MixedPlatforms.Build.0 = Release|Any CPU
		{BE283733-6B40-4568-A752-C610359C9586}.Ad-Hoc|MixedPlatforms.Deploy.0 = Release|Any CPU
		{BE283733-6B40-4568-A752-C610359C9586}.Ad-Hoc|x64.ActiveCfg = Release|Any CPU
		{BE283733-6B40-4568-A752-C610359C9586}.Ad-Hoc|x64.Build.0 = Release|Any CPU
		{BE283733-6B40-4568-A752-C610359C9586}.Ad-Hoc|x64.Deploy.0 = Release|Any CPU
		{BE283733-6B40-4568-A752-C610359C9586}.Ad-Hoc|x86.ActiveCfg = Release|Any CPU
		{BE283733-6B40-4568-A752-C610359C9586}.Ad-Hoc|x86.Build.0 = Release|Any CPU
		{BE283733-6B40-4568-A752-C610359C9586}.Ad-Hoc|x86.Deploy.0 = Release|Any CPU
		{BE283733-6B40-4568-A752-C610359C9586}.AppStore|Any CPU.ActiveCfg = Release|Any CPU
		{BE283733-6B40-4568-A752-C610359C9586}.AppStore|Any CPU.Build.0 = Release|Any CPU
		{BE283733-6B40-4568-A752-C610359C9586}.AppStore|Any CPU.Deploy.0 = Release|Any CPU
		{BE283733-6B40-4568-A752-C610359C9586}.AppStore|ARM.ActiveCfg = Release|Any CPU
		{BE283733-6B40-4568-A752-C610359C9586}.AppStore|ARM.Build.0 = Release|Any CPU
		{BE283733-6B40-4568-A752-C610359C9586}.AppStore|ARM.Deploy.0 = Release|Any CPU
		{BE283733-6B40-4568-A752-C610359C9586}.AppStore|iPhone.ActiveCfg = Release|Any CPU
		{BE283733-6B40-4568-A752-C610359C9586}.AppStore|iPhone.Build.0 = Release|Any CPU
		{BE283733-6B40-4568-A752-C610359C9586}.AppStore|iPhone.Deploy.0 = Release|Any CPU
		{BE283733-6B40-4568-A752-C610359C9586}.AppStore|iPhoneSimulator.ActiveCfg = Release|Any CPU
		{BE283733-6B40-4568-A752-C610359C9586}.AppStore|iPhoneSimulator.Build.0 = Release|Any CPU
		{BE283733-6B40-4568-A752-C610359C9586}.AppStore|iPhoneSimulator.Deploy.0 = Release|Any CPU
		{BE283733-6B40-4568-A752-C610359C9586}.AppStore|MixedPlatforms.ActiveCfg = Release|Any CPU
		{BE283733-6B40-4568-A752-C610359C9586}.AppStore|MixedPlatforms.Build.0 = Release|Any CPU
		{BE283733-6B40-4568-A752-C610359C9586}.AppStore|MixedPlatforms.Deploy.0 = Release|Any CPU
		{BE283733-6B40-4568-A752-C610359C9586}.AppStore|x64.ActiveCfg = Release|Any CPU
		{BE283733-6B40-4568-A752-C610359C9586}.AppStore|x64.Build.0 = Release|Any CPU
		{BE283733-6B40-4568-A752-C610359C9586}.AppStore|x64.Deploy.0 = Release|Any CPU
		{BE283733-6B40-4568-A752-C610359C9586}.AppStore|x86.ActiveCfg = Release|Any CPU
		{BE283733-6B40-4568-A752-C610359C9586}.AppStore|x86.Build.0 = Release|Any CPU
		{BE283733-6B40-4568-A752-C610359C9586}.AppStore|x86.Deploy.0 = Release|Any CPU
		{BE283733-6B40-4568-A752-C610359C9586}.Debug|Any CPU.ActiveCfg = Debug|Any CPU
		{BE283733-6B40-4568-A752-C610359C9586}.Debug|Any CPU.Build.0 = Debug|Any CPU
		{BE283733-6B40-4568-A752-C610359C9586}.Debug|Any CPU.Deploy.0 = Debug|Any CPU
		{BE283733-6B40-4568-A752-C610359C9586}.Debug|ARM.ActiveCfg = Debug|Any CPU
		{BE283733-6B40-4568-A752-C610359C9586}.Debug|ARM.Build.0 = Debug|Any CPU
		{BE283733-6B40-4568-A752-C610359C9586}.Debug|ARM.Deploy.0 = Debug|Any CPU
		{BE283733-6B40-4568-A752-C610359C9586}.Debug|iPhone.ActiveCfg = Debug|Any CPU
		{BE283733-6B40-4568-A752-C610359C9586}.Debug|iPhone.Build.0 = Debug|Any CPU
		{BE283733-6B40-4568-A752-C610359C9586}.Debug|iPhone.Deploy.0 = Debug|Any CPU
		{BE283733-6B40-4568-A752-C610359C9586}.Debug|iPhoneSimulator.ActiveCfg = Debug|Any CPU
		{BE283733-6B40-4568-A752-C610359C9586}.Debug|iPhoneSimulator.Build.0 = Debug|Any CPU
		{BE283733-6B40-4568-A752-C610359C9586}.Debug|iPhoneSimulator.Deploy.0 = Debug|Any CPU
		{BE283733-6B40-4568-A752-C610359C9586}.Debug|MixedPlatforms.ActiveCfg = Debug|Any CPU
		{BE283733-6B40-4568-A752-C610359C9586}.Debug|MixedPlatforms.Build.0 = Debug|Any CPU
		{BE283733-6B40-4568-A752-C610359C9586}.Debug|MixedPlatforms.Deploy.0 = Debug|Any CPU
		{BE283733-6B40-4568-A752-C610359C9586}.Debug|x64.ActiveCfg = Debug|Any CPU
		{BE283733-6B40-4568-A752-C610359C9586}.Debug|x64.Build.0 = Debug|Any CPU
		{BE283733-6B40-4568-A752-C610359C9586}.Debug|x64.Deploy.0 = Debug|Any CPU
		{BE283733-6B40-4568-A752-C610359C9586}.Debug|x86.ActiveCfg = Debug|Any CPU
		{BE283733-6B40-4568-A752-C610359C9586}.Debug|x86.Build.0 = Debug|Any CPU
		{BE283733-6B40-4568-A752-C610359C9586}.Debug|x86.Deploy.0 = Debug|Any CPU
		{BE283733-6B40-4568-A752-C610359C9586}.Release|Any CPU.ActiveCfg = Release|Any CPU
		{BE283733-6B40-4568-A752-C610359C9586}.Release|Any CPU.Build.0 = Release|Any CPU
		{BE283733-6B40-4568-A752-C610359C9586}.Release|Any CPU.Deploy.0 = Release|Any CPU
		{BE283733-6B40-4568-A752-C610359C9586}.Release|ARM.ActiveCfg = Release|Any CPU
		{BE283733-6B40-4568-A752-C610359C9586}.Release|ARM.Build.0 = Release|Any CPU
		{BE283733-6B40-4568-A752-C610359C9586}.Release|ARM.Deploy.0 = Release|Any CPU
		{BE283733-6B40-4568-A752-C610359C9586}.Release|iPhone.ActiveCfg = Release|Any CPU
		{BE283733-6B40-4568-A752-C610359C9586}.Release|iPhone.Build.0 = Release|Any CPU
		{BE283733-6B40-4568-A752-C610359C9586}.Release|iPhone.Deploy.0 = Release|Any CPU
		{BE283733-6B40-4568-A752-C610359C9586}.Release|iPhoneSimulator.ActiveCfg = Release|Any CPU
		{BE283733-6B40-4568-A752-C610359C9586}.Release|iPhoneSimulator.Build.0 = Release|Any CPU
		{BE283733-6B40-4568-A752-C610359C9586}.Release|iPhoneSimulator.Deploy.0 = Release|Any CPU
		{BE283733-6B40-4568-A752-C610359C9586}.Release|MixedPlatforms.ActiveCfg = Release|Any CPU
		{BE283733-6B40-4568-A752-C610359C9586}.Release|MixedPlatforms.Build.0 = Release|Any CPU
		{BE283733-6B40-4568-A752-C610359C9586}.Release|MixedPlatforms.Deploy.0 = Release|Any CPU
		{BE283733-6B40-4568-A752-C610359C9586}.Release|x64.ActiveCfg = Release|Any CPU
		{BE283733-6B40-4568-A752-C610359C9586}.Release|x64.Build.0 = Release|Any CPU
		{BE283733-6B40-4568-A752-C610359C9586}.Release|x64.Deploy.0 = Release|Any CPU
		{BE283733-6B40-4568-A752-C610359C9586}.Release|x86.ActiveCfg = Release|Any CPU
		{BE283733-6B40-4568-A752-C610359C9586}.Release|x86.Build.0 = Release|Any CPU
		{BE283733-6B40-4568-A752-C610359C9586}.Release|x86.Deploy.0 = Release|Any CPU
		{81D85F39-6069-4488-BA48-6C870329C6FE}.Ad-Hoc|Any CPU.ActiveCfg = Ad-Hoc|iPhone
		{81D85F39-6069-4488-BA48-6C870329C6FE}.Ad-Hoc|ARM.ActiveCfg = Ad-Hoc|iPhone
		{81D85F39-6069-4488-BA48-6C870329C6FE}.Ad-Hoc|iPhone.ActiveCfg = Ad-Hoc|iPhone
		{81D85F39-6069-4488-BA48-6C870329C6FE}.Ad-Hoc|iPhone.Build.0 = Ad-Hoc|iPhone
		{81D85F39-6069-4488-BA48-6C870329C6FE}.Ad-Hoc|iPhoneSimulator.ActiveCfg = Ad-Hoc|iPhoneSimulator
		{81D85F39-6069-4488-BA48-6C870329C6FE}.Ad-Hoc|iPhoneSimulator.Build.0 = Ad-Hoc|iPhoneSimulator
		{81D85F39-6069-4488-BA48-6C870329C6FE}.Ad-Hoc|MixedPlatforms.ActiveCfg = Ad-Hoc|iPhone
		{81D85F39-6069-4488-BA48-6C870329C6FE}.Ad-Hoc|x64.ActiveCfg = Ad-Hoc|iPhone
		{81D85F39-6069-4488-BA48-6C870329C6FE}.Ad-Hoc|x86.ActiveCfg = Ad-Hoc|iPhone
		{81D85F39-6069-4488-BA48-6C870329C6FE}.AppStore|Any CPU.ActiveCfg = AppStore|iPhone
		{81D85F39-6069-4488-BA48-6C870329C6FE}.AppStore|ARM.ActiveCfg = AppStore|iPhone
		{81D85F39-6069-4488-BA48-6C870329C6FE}.AppStore|iPhone.ActiveCfg = AppStore|iPhone
		{81D85F39-6069-4488-BA48-6C870329C6FE}.AppStore|iPhone.Build.0 = AppStore|iPhone
		{81D85F39-6069-4488-BA48-6C870329C6FE}.AppStore|iPhoneSimulator.ActiveCfg = AppStore|iPhoneSimulator
		{81D85F39-6069-4488-BA48-6C870329C6FE}.AppStore|iPhoneSimulator.Build.0 = AppStore|iPhoneSimulator
		{81D85F39-6069-4488-BA48-6C870329C6FE}.AppStore|MixedPlatforms.ActiveCfg = AppStore|iPhone
		{81D85F39-6069-4488-BA48-6C870329C6FE}.AppStore|x64.ActiveCfg = AppStore|iPhone
		{81D85F39-6069-4488-BA48-6C870329C6FE}.AppStore|x86.ActiveCfg = AppStore|iPhone
		{81D85F39-6069-4488-BA48-6C870329C6FE}.Debug|Any CPU.ActiveCfg = Debug|iPhone
		{81D85F39-6069-4488-BA48-6C870329C6FE}.Debug|ARM.ActiveCfg = Debug|iPhone
		{81D85F39-6069-4488-BA48-6C870329C6FE}.Debug|iPhone.ActiveCfg = Debug|iPhone
		{81D85F39-6069-4488-BA48-6C870329C6FE}.Debug|iPhone.Build.0 = Debug|iPhone
		{81D85F39-6069-4488-BA48-6C870329C6FE}.Debug|iPhoneSimulator.ActiveCfg = Debug|iPhoneSimulator
		{81D85F39-6069-4488-BA48-6C870329C6FE}.Debug|iPhoneSimulator.Build.0 = Debug|iPhoneSimulator
		{81D85F39-6069-4488-BA48-6C870329C6FE}.Debug|MixedPlatforms.ActiveCfg = Debug|iPhone
		{81D85F39-6069-4488-BA48-6C870329C6FE}.Debug|MixedPlatforms.Build.0 = Debug|iPhone
		{81D85F39-6069-4488-BA48-6C870329C6FE}.Debug|x64.ActiveCfg = Debug|iPhone
		{81D85F39-6069-4488-BA48-6C870329C6FE}.Debug|x86.ActiveCfg = Debug|iPhone
		{81D85F39-6069-4488-BA48-6C870329C6FE}.Release|Any CPU.ActiveCfg = Release|iPhone
		{81D85F39-6069-4488-BA48-6C870329C6FE}.Release|ARM.ActiveCfg = Release|iPhone
		{81D85F39-6069-4488-BA48-6C870329C6FE}.Release|iPhone.ActiveCfg = Release|iPhone
		{81D85F39-6069-4488-BA48-6C870329C6FE}.Release|iPhone.Build.0 = Release|iPhone
		{81D85F39-6069-4488-BA48-6C870329C6FE}.Release|iPhoneSimulator.ActiveCfg = Release|iPhoneSimulator
		{81D85F39-6069-4488-BA48-6C870329C6FE}.Release|iPhoneSimulator.Build.0 = Release|iPhoneSimulator
		{81D85F39-6069-4488-BA48-6C870329C6FE}.Release|MixedPlatforms.ActiveCfg = Release|iPhoneSimulator
		{81D85F39-6069-4488-BA48-6C870329C6FE}.Release|MixedPlatforms.Build.0 = Release|iPhoneSimulator
		{81D85F39-6069-4488-BA48-6C870329C6FE}.Release|x64.ActiveCfg = Release|iPhone
		{81D85F39-6069-4488-BA48-6C870329C6FE}.Release|x86.ActiveCfg = Release|iPhone
		{8E21C605-31E7-499B-99DE-5A7491B38632}.Ad-Hoc|Any CPU.ActiveCfg = Release|x86
		{8E21C605-31E7-499B-99DE-5A7491B38632}.Ad-Hoc|Any CPU.Build.0 = Release|x86
		{8E21C605-31E7-499B-99DE-5A7491B38632}.Ad-Hoc|Any CPU.Deploy.0 = Release|x86
		{8E21C605-31E7-499B-99DE-5A7491B38632}.Ad-Hoc|ARM.ActiveCfg = Release|ARM
		{8E21C605-31E7-499B-99DE-5A7491B38632}.Ad-Hoc|ARM.Build.0 = Release|ARM
		{8E21C605-31E7-499B-99DE-5A7491B38632}.Ad-Hoc|ARM.Deploy.0 = Release|ARM
		{8E21C605-31E7-499B-99DE-5A7491B38632}.Ad-Hoc|iPhone.ActiveCfg = Release|x86
		{8E21C605-31E7-499B-99DE-5A7491B38632}.Ad-Hoc|iPhone.Build.0 = Release|x86
		{8E21C605-31E7-499B-99DE-5A7491B38632}.Ad-Hoc|iPhone.Deploy.0 = Release|x86
		{8E21C605-31E7-499B-99DE-5A7491B38632}.Ad-Hoc|iPhoneSimulator.ActiveCfg = Release|x86
		{8E21C605-31E7-499B-99DE-5A7491B38632}.Ad-Hoc|iPhoneSimulator.Build.0 = Release|x86
		{8E21C605-31E7-499B-99DE-5A7491B38632}.Ad-Hoc|iPhoneSimulator.Deploy.0 = Release|x86
		{8E21C605-31E7-499B-99DE-5A7491B38632}.Ad-Hoc|MixedPlatforms.ActiveCfg = Release|x86
		{8E21C605-31E7-499B-99DE-5A7491B38632}.Ad-Hoc|MixedPlatforms.Build.0 = Release|x86
		{8E21C605-31E7-499B-99DE-5A7491B38632}.Ad-Hoc|MixedPlatforms.Deploy.0 = Release|x86
		{8E21C605-31E7-499B-99DE-5A7491B38632}.Ad-Hoc|x64.ActiveCfg = Release|x64
		{8E21C605-31E7-499B-99DE-5A7491B38632}.Ad-Hoc|x64.Build.0 = Release|x64
		{8E21C605-31E7-499B-99DE-5A7491B38632}.Ad-Hoc|x64.Deploy.0 = Release|x64
		{8E21C605-31E7-499B-99DE-5A7491B38632}.Ad-Hoc|x86.ActiveCfg = Release|x86
		{8E21C605-31E7-499B-99DE-5A7491B38632}.Ad-Hoc|x86.Build.0 = Release|x86
		{8E21C605-31E7-499B-99DE-5A7491B38632}.Ad-Hoc|x86.Deploy.0 = Release|x86
		{8E21C605-31E7-499B-99DE-5A7491B38632}.AppStore|Any CPU.ActiveCfg = Release|x86
		{8E21C605-31E7-499B-99DE-5A7491B38632}.AppStore|Any CPU.Build.0 = Release|x86
		{8E21C605-31E7-499B-99DE-5A7491B38632}.AppStore|Any CPU.Deploy.0 = Release|x86
		{8E21C605-31E7-499B-99DE-5A7491B38632}.AppStore|ARM.ActiveCfg = Release|ARM
		{8E21C605-31E7-499B-99DE-5A7491B38632}.AppStore|ARM.Build.0 = Release|ARM
		{8E21C605-31E7-499B-99DE-5A7491B38632}.AppStore|ARM.Deploy.0 = Release|ARM
		{8E21C605-31E7-499B-99DE-5A7491B38632}.AppStore|iPhone.ActiveCfg = Release|x86
		{8E21C605-31E7-499B-99DE-5A7491B38632}.AppStore|iPhone.Build.0 = Release|x86
		{8E21C605-31E7-499B-99DE-5A7491B38632}.AppStore|iPhone.Deploy.0 = Release|x86
		{8E21C605-31E7-499B-99DE-5A7491B38632}.AppStore|iPhoneSimulator.ActiveCfg = Release|x86
		{8E21C605-31E7-499B-99DE-5A7491B38632}.AppStore|iPhoneSimulator.Build.0 = Release|x86
		{8E21C605-31E7-499B-99DE-5A7491B38632}.AppStore|iPhoneSimulator.Deploy.0 = Release|x86
		{8E21C605-31E7-499B-99DE-5A7491B38632}.AppStore|MixedPlatforms.ActiveCfg = Release|x86
		{8E21C605-31E7-499B-99DE-5A7491B38632}.AppStore|MixedPlatforms.Build.0 = Release|x86
		{8E21C605-31E7-499B-99DE-5A7491B38632}.AppStore|MixedPlatforms.Deploy.0 = Release|x86
		{8E21C605-31E7-499B-99DE-5A7491B38632}.AppStore|x64.ActiveCfg = Release|x64
		{8E21C605-31E7-499B-99DE-5A7491B38632}.AppStore|x64.Build.0 = Release|x64
		{8E21C605-31E7-499B-99DE-5A7491B38632}.AppStore|x64.Deploy.0 = Release|x64
		{8E21C605-31E7-499B-99DE-5A7491B38632}.AppStore|x86.ActiveCfg = Release|x86
		{8E21C605-31E7-499B-99DE-5A7491B38632}.AppStore|x86.Build.0 = Release|x86
		{8E21C605-31E7-499B-99DE-5A7491B38632}.AppStore|x86.Deploy.0 = Release|x86
		{8E21C605-31E7-499B-99DE-5A7491B38632}.Debug|Any CPU.ActiveCfg = Debug|x86
		{8E21C605-31E7-499B-99DE-5A7491B38632}.Debug|Any CPU.Build.0 = Debug|x86
		{8E21C605-31E7-499B-99DE-5A7491B38632}.Debug|Any CPU.Deploy.0 = Debug|x86
		{8E21C605-31E7-499B-99DE-5A7491B38632}.Debug|ARM.ActiveCfg = Debug|ARM
		{8E21C605-31E7-499B-99DE-5A7491B38632}.Debug|ARM.Build.0 = Debug|ARM
		{8E21C605-31E7-499B-99DE-5A7491B38632}.Debug|ARM.Deploy.0 = Debug|ARM
		{8E21C605-31E7-499B-99DE-5A7491B38632}.Debug|iPhone.ActiveCfg = Debug|x86
		{8E21C605-31E7-499B-99DE-5A7491B38632}.Debug|iPhoneSimulator.ActiveCfg = Debug|x86
		{8E21C605-31E7-499B-99DE-5A7491B38632}.Debug|MixedPlatforms.ActiveCfg = Debug|x86
		{8E21C605-31E7-499B-99DE-5A7491B38632}.Debug|MixedPlatforms.Build.0 = Debug|x86
		{8E21C605-31E7-499B-99DE-5A7491B38632}.Debug|MixedPlatforms.Deploy.0 = Debug|x86
		{8E21C605-31E7-499B-99DE-5A7491B38632}.Debug|x64.ActiveCfg = Debug|x64
		{8E21C605-31E7-499B-99DE-5A7491B38632}.Debug|x64.Build.0 = Debug|x64
		{8E21C605-31E7-499B-99DE-5A7491B38632}.Debug|x64.Deploy.0 = Debug|x64
		{8E21C605-31E7-499B-99DE-5A7491B38632}.Debug|x86.ActiveCfg = Debug|x86
		{8E21C605-31E7-499B-99DE-5A7491B38632}.Debug|x86.Build.0 = Debug|x86
		{8E21C605-31E7-499B-99DE-5A7491B38632}.Debug|x86.Deploy.0 = Debug|x86
		{8E21C605-31E7-499B-99DE-5A7491B38632}.Release|Any CPU.ActiveCfg = Release|x86
		{8E21C605-31E7-499B-99DE-5A7491B38632}.Release|ARM.ActiveCfg = Release|ARM
		{8E21C605-31E7-499B-99DE-5A7491B38632}.Release|ARM.Build.0 = Release|ARM
		{8E21C605-31E7-499B-99DE-5A7491B38632}.Release|ARM.Deploy.0 = Release|ARM
		{8E21C605-31E7-499B-99DE-5A7491B38632}.Release|iPhone.ActiveCfg = Release|x86
		{8E21C605-31E7-499B-99DE-5A7491B38632}.Release|iPhoneSimulator.ActiveCfg = Release|x86
		{8E21C605-31E7-499B-99DE-5A7491B38632}.Release|MixedPlatforms.ActiveCfg = Release|x86
		{8E21C605-31E7-499B-99DE-5A7491B38632}.Release|MixedPlatforms.Build.0 = Release|x86
		{8E21C605-31E7-499B-99DE-5A7491B38632}.Release|MixedPlatforms.Deploy.0 = Release|x86
		{8E21C605-31E7-499B-99DE-5A7491B38632}.Release|x64.ActiveCfg = Release|x64
		{8E21C605-31E7-499B-99DE-5A7491B38632}.Release|x64.Build.0 = Release|x64
		{8E21C605-31E7-499B-99DE-5A7491B38632}.Release|x64.Deploy.0 = Release|x64
		{8E21C605-31E7-499B-99DE-5A7491B38632}.Release|x86.ActiveCfg = Release|x86
		{8E21C605-31E7-499B-99DE-5A7491B38632}.Release|x86.Build.0 = Release|x86
		{8E21C605-31E7-499B-99DE-5A7491B38632}.Release|x86.Deploy.0 = Release|x86
	EndGlobalSection
	GlobalSection(SolutionProperties) = preSolution
		HideSolutionNode = FALSE
	EndGlobalSection
	GlobalSection(NestedProjects) = preSolution
		{76B948A5-1F73-42EB-AFD7-3599C1637CF4} = {FD989D13-D022-488D-9E1C-AE6EA0805D09}
		{D882A417-26D1-4167-9A43-D10111998C0D} = {FD989D13-D022-488D-9E1C-AE6EA0805D09}
		{7518418D-854B-4DB5-9AAE-8EEF4F297353} = {FD989D13-D022-488D-9E1C-AE6EA0805D09}
		{F06E748D-D147-498A-A956-C3203D4599E3} = {FD989D13-D022-488D-9E1C-AE6EA0805D09}
		{A3680B55-59DA-4883-B558-5638FAEA7173} = {B703E54F-BEF5-4062-A371-1864DC486921}
		{BE283733-6B40-4568-A752-C610359C9586} = {B703E54F-BEF5-4062-A371-1864DC486921}
		{81D85F39-6069-4488-BA48-6C870329C6FE} = {B703E54F-BEF5-4062-A371-1864DC486921}
		{8E21C605-31E7-499B-99DE-5A7491B38632} = {B703E54F-BEF5-4062-A371-1864DC486921}
	EndGlobalSection
EndGlobal
